<?xml version="1.0" encoding="utf-8"?>
<Project ToolsVersion="4.0" xmlns="http://schemas.microsoft.com/developer/msbuild/2003">
  <ItemGroup>
    <ClInclude Include="EngineCore.h" />
    <ClInclude Include="Defines.h" />
    <ClInclude Include="Logging.h" />
    <ClInclude Include="Job\JobSystem.h">
      <Filter>Job</Filter>
    </ClInclude>
    <ClInclude Include="Job\Queue.h">
      <Filter>Job</Filter>
    </ClInclude>
    <ClInclude Include="Memory.h" />
    <ClInclude Include="Platform\WindowsPlatform.h">
      <Filter>Platform</Filter>
    </ClInclude>
    <ClInclude Include="Graphics\Renderer.h">
      <Filter>Graphics</Filter>
    </ClInclude>
    <ClInclude Include="Graphics\Dx12\Dx12Device.h">
      <Filter>Graphics\Dx12</Filter>
    </ClInclude>
    <ClInclude Include="Graphics\Dx12\Dx12Common.h">
      <Filter>Graphics\Dx12</Filter>
    </ClInclude>
    <ClInclude Include="Math\Math.h">
      <Filter>Math</Filter>
    </ClInclude>
  </ItemGroup>
  <ItemGroup>
    <ClCompile Include="EngineCore.cpp" />
    <ClCompile Include="Logging.cpp" />
    <ClCompile Include="Job\JobSystem.cpp">
      <Filter>Job</Filter>
    </ClCompile>
    <ClCompile Include="Platform\WindowsPlatform.cpp">
      <Filter>Platform</Filter>
    </ClCompile>
    <ClCompile Include="Graphics\Renderer.cpp">
      <Filter>Graphics</Filter>
    </ClCompile>
    <ClCompile Include="Graphics\Dx12\Dx12Device.cpp">
      <Filter>Graphics\Dx12</Filter>
    </ClCompile>
  </ItemGroup>
  <ItemGroup>
    <Filter Include="Job">
      <UniqueIdentifier>{7ca71f12-de08-47db-97d4-62ed2f28bb27}</UniqueIdentifier>
    </Filter>
    <Filter Include="Platform">
      <UniqueIdentifier>{838c37c0-b88b-4ebc-b227-3321fdd50d77}</UniqueIdentifier>
    </Filter>
    <Filter Include="Graphics">
      <UniqueIdentifier>{6d3219c5-894f-43fb-afb8-924ad6ae388a}</UniqueIdentifier>
    </Filter>
    <Filter Include="Graphics\Dx12">
      <UniqueIdentifier>{c4e4295f-150e-4d32-a8a9-5b45825e5d86}</UniqueIdentifier>
    </Filter>
    <Filter Include="Math">
      <UniqueIdentifier>{f54ee5c1-4eaf-4cd1-9d67-b99e4c9dc0db}</UniqueIdentifier>
    </Filter>
  </ItemGroup>
</Project>