<?xml version="1.0" encoding="utf-8"?>
<Project ToolsVersion="4.0" xmlns="http://schemas.microsoft.com/developer/msbuild/2003">
  <ItemGroup>
    <ClInclude Include="EngineCore.h" />
    <ClInclude Include="Defines.h" />
    <ClInclude Include="Logging.h" />
    <ClInclude Include="Job\JobSystem.h">
      <Filter>Job</Filter>
    </ClInclude>
    <ClInclude Include="Job\Queue.h">
      <Filter>Job</Filter>
    </ClInclude>
    <ClInclude Include="Memory.h" />
    <ClInclude Include="Platform\WindowsPlatform.h">
      <Filter>Platform</Filter>
    </ClInclude>
    <ClInclude Include="Graphics\Renderer.h">
      <Filter>Graphics</Filter>
    </ClInclude>
    <ClInclude Include="Graphics\Dx12\Dx12Device.h">
      <Filter>Graphics\Dx12</Filter>
    </ClInclude>
    <ClInclude Include="Graphics\Dx12\Dx12Common.h">
      <Filter>Graphics\Dx12</Filter>
    </ClInclude>
    <ClInclude Include="Math\Math.h">
      <Filter>Math</Filter>
    </ClInclude>
    <ClInclude Include="..\ThirdParty\imgui\include\imconfig.h">
      <Filter>ThirdParty\imgui</Filter>
    </ClInclude>
    <ClInclude Include="..\ThirdParty\imgui\include\imgui.h">
      <Filter>ThirdParty\imgui</Filter>
    </ClInclude>
    <ClInclude Include="..\ThirdParty\imgui\include\imgui_internal.h">
      <Filter>ThirdParty\imgui</Filter>
    </ClInclude>
    <ClInclude Include="..\ThirdParty\imgui\include\imstb_rectpack.h">
      <Filter>ThirdParty\imgui</Filter>
    </ClInclude>
    <ClInclude Include="..\ThirdParty\imgui\include\imstb_textedit.h">
      <Filter>ThirdParty\imgui</Filter>
    </ClInclude>
    <ClInclude Include="..\ThirdParty\imgui\include\imstb_truetype.h">
      <Filter>ThirdParty\imgui</Filter>
    </ClInclude>
    <ClInclude Include="..\ThirdParty\imgui\include\imgui_impl_dx12.h">
      <Filter>ThirdParty\imgui</Filter>
    </ClInclude>
    <ClInclude Include="..\ThirdParty\flecs\flecs.h">
      <Filter>ThirdParty\flecs</Filter>
    </ClInclude>
    <ClInclude Include="World\World.h">
      <Filter>World</Filter>
    </ClInclude>
    <ClInclude Include="World\Components\Components.h">
      <Filter>World\Components</Filter>
    </ClInclude>
    <ClInclude Include="World\Systems\MoveSystem.h">
      <Filter>World\Systems</Filter>
    </ClInclude>
    <ClInclude Include="Graphics\Dx12\Dx12Backend.h">
      <Filter>Graphics\Dx12</Filter>
    </ClInclude>
    <ClInclude Include="Graphics\Dx12\Managers\PipelineManager.h">
      <Filter>Graphics\Dx12\Managers</Filter>
    </ClInclude>
    <ClInclude Include="DataDefinitions\ShaderLibrary_generated.h">
      <Filter>DataDefinitions</Filter>
    </ClInclude>
    <ClInclude Include="Resources\ResourceLoader.h">
      <Filter>Resources</Filter>
    </ClInclude>
    <ClInclude Include="Graphics\RendererTypes.h">
      <Filter>Graphics</Filter>
    </ClInclude>
    <ClInclude Include="Graphics\Features\RectFeature.h">
      <Filter>Graphics\Features</Filter>
    </ClInclude>
    <ClInclude Include="Graphics\RendererCommandList.h">
      <Filter>Graphics</Filter>
    </ClInclude>
  </ItemGroup>
  <ItemGroup>
    <ClCompile Include="EngineCore.cpp" />
    <ClCompile Include="Logging.cpp" />
    <ClCompile Include="Job\JobSystem.cpp">
      <Filter>Job</Filter>
    </ClCompile>
    <ClCompile Include="Platform\WindowsPlatform.cpp">
      <Filter>Platform</Filter>
    </ClCompile>
    <ClCompile Include="Graphics\Renderer.cpp">
      <Filter>Graphics</Filter>
    </ClCompile>
    <ClCompile Include="Graphics\Dx12\Dx12Device.cpp">
      <Filter>Graphics\Dx12</Filter>
    </ClCompile>
    <ClCompile Include="..\ThirdParty\imgui\include\imgui.cpp">
      <Filter>ThirdParty\imgui</Filter>
    </ClCompile>
    <ClCompile Include="..\ThirdParty\imgui\include\imgui_demo.cpp">
      <Filter>ThirdParty\imgui</Filter>
    </ClCompile>
    <ClCompile Include="..\ThirdParty\imgui\include\imgui_draw.cpp">
      <Filter>ThirdParty\imgui</Filter>
    </ClCompile>
    <ClCompile Include="..\ThirdParty\imgui\include\imgui_widgets.cpp">
      <Filter>ThirdParty\imgui</Filter>
    </ClCompile>
    <ClCompile Include="..\ThirdParty\imgui\include\imgui_impl_dx12.cpp">
      <Filter>ThirdParty\imgui</Filter>
    </ClCompile>
    <ClCompile Include="..\ThirdParty\flecs\flecs.c">
      <Filter>ThirdParty\flecs</Filter>
    </ClCompile>
    <ClCompile Include="World\World.cpp">
      <Filter>World</Filter>
    </ClCompile>
    <ClCompile Include="Graphics\Dx12\Dx12Backend.cpp">
      <Filter>Graphics\Dx12</Filter>
    </ClCompile>
    <ClCompile Include="Graphics\Dx12\Managers\PipelineManager.cpp">
      <Filter>Graphics\Dx12\Managers</Filter>
    </ClCompile>
    <ClCompile Include="Resources\ResourceLoader.cpp">
      <Filter>Resources</Filter>
    </ClCompile>
    <ClCompile Include="Graphics\Features\RectFeature.cpp">
      <Filter>Graphics\Features</Filter>
    </ClCompile>
  </ItemGroup>
  <ItemGroup>
    <Filter Include="Job">
      <UniqueIdentifier>{7ca71f12-de08-47db-97d4-62ed2f28bb27}</UniqueIdentifier>
    </Filter>
    <Filter Include="Platform">
      <UniqueIdentifier>{838c37c0-b88b-4ebc-b227-3321fdd50d77}</UniqueIdentifier>
    </Filter>
    <Filter Include="Graphics">
      <UniqueIdentifier>{6d3219c5-894f-43fb-afb8-924ad6ae388a}</UniqueIdentifier>
    </Filter>
    <Filter Include="Graphics\Dx12">
      <UniqueIdentifier>{c4e4295f-150e-4d32-a8a9-5b45825e5d86}</UniqueIdentifier>
    </Filter>
    <Filter Include="Math">
      <UniqueIdentifier>{f54ee5c1-4eaf-4cd1-9d67-b99e4c9dc0db}</UniqueIdentifier>
    </Filter>
    <Filter Include="ThirdParty">
      <UniqueIdentifier>{17764004-9581-4431-8bd6-b9bf13ffd598}</UniqueIdentifier>
    </Filter>
    <Filter Include="ThirdParty\imgui">
      <UniqueIdentifier>{65069f0b-823b-4f9e-a3c5-efe24ee4829e}</UniqueIdentifier>
    </Filter>
    <Filter Include="ThirdParty\flecs">
      <UniqueIdentifier>{0066a56c-22bb-4a46-8c64-2e43f9fd870d}</UniqueIdentifier>
    </Filter>
    <Filter Include="World">
      <UniqueIdentifier>{7bbbf021-e716-4661-a64e-9da74394c0c0}</UniqueIdentifier>
    </Filter>
    <Filter Include="World\Components">
      <UniqueIdentifier>{6021f8d6-84c1-415c-afda-d7f3e598ba65}</UniqueIdentifier>
    </Filter>
    <Filter Include="World\Systems">
      <UniqueIdentifier>{7a8dbafd-6c62-43a8-b7d1-132520d3bb56}</UniqueIdentifier>
    </Filter>
    <Filter Include="Graphics\Dx12\Managers">
      <UniqueIdentifier>{b5a265a9-31c9-4bd9-9653-1dd3244001b1}</UniqueIdentifier>
    </Filter>
    <Filter Include="DataDefinitions">
      <UniqueIdentifier>{660c16b2-1422-4ce5-9883-65a8fa047fc0}</UniqueIdentifier>
    </Filter>
    <Filter Include="ThirdParty\EASTL">
      <UniqueIdentifier>{2453127f-c4db-4c69-9c5c-0af849ab1ff4}</UniqueIdentifier>
    </Filter>
    <Filter Include="Resources">
      <UniqueIdentifier>{65ffaaab-968a-4310-99ff-bdfcd864729b}</UniqueIdentifier>
    </Filter>
    <Filter Include="Graphics\Shaders">
      <UniqueIdentifier>{cf372380-5283-425a-9a88-d567a09cd0f9}</UniqueIdentifier>
    </Filter>
    <Filter Include="Graphics\Features">
      <UniqueIdentifier>{670010d7-9c07-4ee7-a140-d55ab9f9b310}</UniqueIdentifier>
    </Filter>
  </ItemGroup>
  <ItemGroup>
    <Natvis Include="..\ThirdParty\EASTL\include\EASTL.natvis">
      <Filter>ThirdParty\EASTL</Filter>
    </Natvis>
  </ItemGroup>
  <ItemGroup>
    <None Include="Shaders\Rects.hlsl">
      <Filter>Graphics\Shaders</Filter>
    </None>
    <None Include="Shaders\Mesh.hlsl" />
    <None Include="Shaders\UI.hlsl" />
  </ItemGroup>
</Project>