<?xml version="1.0" encoding="utf-8"?>
<Project ToolsVersion="4.0" xmlns="http://schemas.microsoft.com/developer/msbuild/2003">
  <ItemGroup>
    <ClInclude Include="EngineCore.h" />
    <ClInclude Include="Defines.h" />
    <ClInclude Include="Logging.h" />
    <ClInclude Include="Job\JobSystem.h">
      <Filter>Job</Filter>
    </ClInclude>
    <ClInclude Include="Job\Queue.h">
      <Filter>Job</Filter>
    </ClInclude>
    <ClInclude Include="Memory.h" />
    <ClInclude Include="Platform\WindowsPlatform.h">
      <Filter>Platform</Filter>
    </ClInclude>
  </ItemGroup>
  <ItemGroup>
    <ClCompile Include="EngineCore.cpp" />
    <ClCompile Include="Logging.cpp" />
    <ClCompile Include="Job\JobSystem.cpp">
      <Filter>Job</Filter>
    </ClCompile>
    <ClCompile Include="Platform\WindowsPlatform.cpp">
      <Filter>Platform</Filter>
    </ClCompile>
  </ItemGroup>
  <ItemGroup>
    <Filter Include="Job">
      <UniqueIdentifier>{7ca71f12-de08-47db-97d4-62ed2f28bb27}</UniqueIdentifier>
    </Filter>
    <Filter Include="Platform">
      <UniqueIdentifier>{838c37c0-b88b-4ebc-b227-3321fdd50d77}</UniqueIdentifier>
    </Filter>
  </ItemGroup>
</Project>